// !$*UTF8*$!
{
	archiveVersion = 1;
	classes = {
	};
	objectVersion = 50;
	objects = {

/* Begin PBXBuildFile section */
		5D020ADB24B0C8E1006B83E7 /* ShowHistoryOperationExtension.swift in Sources */ = {isa = PBXBuildFile; fileRef = 5D020ADA24B0C8E1006B83E7 /* ShowHistoryOperationExtension.swift */; };
		5D020ADF24B0CBE2006B83E7 /* InfoTableViewCell.swift in Sources */ = {isa = PBXBuildFile; fileRef = 5D020ADD24B0CBE2006B83E7 /* InfoTableViewCell.swift */; };
		5D020AE024B0CBE2006B83E7 /* InfoTableViewCell.xib in Resources */ = {isa = PBXBuildFile; fileRef = 5D020ADE24B0CBE2006B83E7 /* InfoTableViewCell.xib */; };
		5D020AE224B1FE66006B83E7 /* InformationViewController.swift in Sources */ = {isa = PBXBuildFile; fileRef = 5D020AE124B1FE66006B83E7 /* InformationViewController.swift */; };
		5D0F674A24A7616400B59126 /* Double+Extensions.swift in Sources */ = {isa = PBXBuildFile; fileRef = 5D0F674924A7616400B59126 /* Double+Extensions.swift */; };
		5D496FEE239460BD000C0DF7 /* CalculateViewController.swift in Sources */ = {isa = PBXBuildFile; fileRef = 5D496FED239460BD000C0DF7 /* CalculateViewController.swift */; };
		5D496FF023969F76000C0DF7 /* Func.swift in Sources */ = {isa = PBXBuildFile; fileRef = 5D496FEF23969F76000C0DF7 /* Func.swift */; };
		5D69B247238ECAB10057D76D /* AppDelegate.swift in Sources */ = {isa = PBXBuildFile; fileRef = 5D69B246238ECAB10057D76D /* AppDelegate.swift */; };
		5D69B249238ECAB10057D76D /* SceneDelegate.swift in Sources */ = {isa = PBXBuildFile; fileRef = 5D69B248238ECAB10057D76D /* SceneDelegate.swift */; };
		5D69B250238ECAB60057D76D /* Preview Assets.xcassets in Resources */ = {isa = PBXBuildFile; fileRef = 5D69B24F238ECAB60057D76D /* Preview Assets.xcassets */; };
		5D69B253238ECAB60057D76D /* LaunchScreen.storyboard in Resources */ = {isa = PBXBuildFile; fileRef = 5D69B251238ECAB60057D76D /* LaunchScreen.storyboard */; };
		5D69B25B238ECD100057D76D /* Main.storyboard in Resources */ = {isa = PBXBuildFile; fileRef = 5D69B25A238ECD100057D76D /* Main.storyboard */; };
		5D69B25D238EDF090057D76D /* ConvertViewController.swift in Sources */ = {isa = PBXBuildFile; fileRef = 5D69B25C238EDF090057D76D /* ConvertViewController.swift */; };
		5D69B27F238EFB600057D76D /* ContentView.swift in Sources */ = {isa = PBXBuildFile; fileRef = 5D69B27E238EFB600057D76D /* ContentView.swift */; };
		5D6B043E2411949200AA7D3B /* Asset.xcassets in Resources */ = {isa = PBXBuildFile; fileRef = 5D6B043D2411949200AA7D3B /* Asset.xcassets */; };
		5D6E464424A928B90063CE90 /* AnimationsExtension.swift in Sources */ = {isa = PBXBuildFile; fileRef = 5D6E464324A928B90063CE90 /* AnimationsExtension.swift */; };
		5D6E464624A92FB20063CE90 /* OperationBar.swift in Sources */ = {isa = PBXBuildFile; fileRef = 5D6E464524A92FB20063CE90 /* OperationBar.swift */; };
		5D6E464824A9318B0063CE90 /* PrepareAndShowResultExtension.swift in Sources */ = {isa = PBXBuildFile; fileRef = 5D6E464724A9318B0063CE90 /* PrepareAndShowResultExtension.swift */; };
		5D6E464B24A944BD0063CE90 /* AnswerView.xib in Resources */ = {isa = PBXBuildFile; fileRef = 5D6E464A24A944BD0063CE90 /* AnswerView.xib */; };
		5D6E464D24A944CE0063CE90 /* AnswerView.swift in Sources */ = {isa = PBXBuildFile; fileRef = 5D6E464C24A944CE0063CE90 /* AnswerView.swift */; };
		5D6E465224AB41180063CE90 /* ChangeFormButton.swift in Sources */ = {isa = PBXBuildFile; fileRef = 5D6E465124AB41180063CE90 /* ChangeFormButton.swift */; };
		5D956261248EF24B00C03364 /* ComplexView.xib in Resources */ = {isa = PBXBuildFile; fileRef = 5D956260248EF24B00C03364 /* ComplexView.xib */; };
		5D956263248EF25A00C03364 /* ComplexView.swift in Sources */ = {isa = PBXBuildFile; fileRef = 5D956262248EF25A00C03364 /* ComplexView.swift */; };
		5D956265248EF8D300C03364 /* ComplexNumbersViewFuncs.swift in Sources */ = {isa = PBXBuildFile; fileRef = 5D956264248EF8D300C03364 /* ComplexNumbersViewFuncs.swift */; };
		5D956268248EFB9500C03364 /* UITextField+Extensions.swift in Sources */ = {isa = PBXBuildFile; fileRef = 5D956267248EFB9500C03364 /* UITextField+Extensions.swift */; };
		5D95626B249042BA00C03364 /* HistoryViewController.swift in Sources */ = {isa = PBXBuildFile; fileRef = 5D95626A249042BA00C03364 /* HistoryViewController.swift */; };
		5D95626E2497DFDD00C03364 /* Operation.swift in Sources */ = {isa = PBXBuildFile; fileRef = 5D95626D2497DFDD00C03364 /* Operation.swift */; };
		5D9562702497E71200C03364 /* History.swift in Sources */ = {isa = PBXBuildFile; fileRef = 5D95626F2497E71200C03364 /* History.swift */; };
		5D956275249A2F8300C03364 /* CustomTableViewCell.swift in Sources */ = {isa = PBXBuildFile; fileRef = 5D956273249A2F8300C03364 /* CustomTableViewCell.swift */; };
		5D956276249A2F8300C03364 /* CustomTableViewCell.xib in Resources */ = {isa = PBXBuildFile; fileRef = 5D956274249A2F8300C03364 /* CustomTableViewCell.xib */; };
		5D95627F249A605B00C03364 /* CustomTabBarController.swift in Sources */ = {isa = PBXBuildFile; fileRef = 5D95627E249A605B00C03364 /* CustomTabBarController.swift */; };
		5DBF245B248819DC001EB10B /* ExpView.xib in Resources */ = {isa = PBXBuildFile; fileRef = 5DBF245A248819DC001EB10B /* ExpView.xib */; };
		5DBF245D248819F2001EB10B /* ExpView.swift in Sources */ = {isa = PBXBuildFile; fileRef = 5DBF245C248819F2001EB10B /* ExpView.swift */; };
		5DD6673E24A6A417002C321D /* String+Extensions.swift in Sources */ = {isa = PBXBuildFile; fileRef = 5DD6673D24A6A417002C321D /* String+Extensions.swift */; };
/* End PBXBuildFile section */

/* Begin PBXFileReference section */
		5D020ADA24B0C8E1006B83E7 /* ShowHistoryOperationExtension.swift */ = {isa = PBXFileReference; lastKnownFileType = sourcecode.swift; path = ShowHistoryOperationExtension.swift; sourceTree = "<group>"; };
		5D020ADD24B0CBE2006B83E7 /* InfoTableViewCell.swift */ = {isa = PBXFileReference; lastKnownFileType = sourcecode.swift; path = InfoTableViewCell.swift; sourceTree = "<group>"; };
		5D020ADE24B0CBE2006B83E7 /* InfoTableViewCell.xib */ = {isa = PBXFileReference; lastKnownFileType = file.xib; path = InfoTableViewCell.xib; sourceTree = "<group>"; };
		5D020AE124B1FE66006B83E7 /* InformationViewController.swift */ = {isa = PBXFileReference; lastKnownFileType = sourcecode.swift; path = InformationViewController.swift; sourceTree = "<group>"; };
		5D0F674924A7616400B59126 /* Double+Extensions.swift */ = {isa = PBXFileReference; lastKnownFileType = sourcecode.swift; path = "Double+Extensions.swift"; sourceTree = "<group>"; };
		5D496FED239460BD000C0DF7 /* CalculateViewController.swift */ = {isa = PBXFileReference; lastKnownFileType = sourcecode.swift; path = CalculateViewController.swift; sourceTree = "<group>"; };
		5D496FEF23969F76000C0DF7 /* Func.swift */ = {isa = PBXFileReference; lastKnownFileType = sourcecode.swift; path = Func.swift; sourceTree = "<group>"; };
		5D69B243238ECAB10057D76D /* Calc.app */ = {isa = PBXFileReference; explicitFileType = wrapper.application; includeInIndex = 0; path = Calc.app; sourceTree = BUILT_PRODUCTS_DIR; };
		5D69B246238ECAB10057D76D /* AppDelegate.swift */ = {isa = PBXFileReference; lastKnownFileType = sourcecode.swift; path = AppDelegate.swift; sourceTree = "<group>"; };
		5D69B248238ECAB10057D76D /* SceneDelegate.swift */ = {isa = PBXFileReference; lastKnownFileType = sourcecode.swift; path = SceneDelegate.swift; sourceTree = "<group>"; };
		5D69B24F238ECAB60057D76D /* Preview Assets.xcassets */ = {isa = PBXFileReference; lastKnownFileType = folder.assetcatalog; path = "Preview Assets.xcassets"; sourceTree = "<group>"; };
		5D69B252238ECAB60057D76D /* Base */ = {isa = PBXFileReference; lastKnownFileType = file.storyboard; name = Base; path = Base.lproj/LaunchScreen.storyboard; sourceTree = "<group>"; };
		5D69B254238ECAB60057D76D /* Info.plist */ = {isa = PBXFileReference; lastKnownFileType = text.plist.xml; path = Info.plist; sourceTree = "<group>"; };
		5D69B25A238ECD100057D76D /* Main.storyboard */ = {isa = PBXFileReference; lastKnownFileType = file.storyboard; path = Main.storyboard; sourceTree = "<group>"; };
		5D69B25C238EDF090057D76D /* ConvertViewController.swift */ = {isa = PBXFileReference; lastKnownFileType = sourcecode.swift; path = ConvertViewController.swift; sourceTree = "<group>"; };
		5D69B27E238EFB600057D76D /* ContentView.swift */ = {isa = PBXFileReference; lastKnownFileType = sourcecode.swift; path = ContentView.swift; sourceTree = "<group>"; };
		5D6B043D2411949200AA7D3B /* Asset.xcassets */ = {isa = PBXFileReference; lastKnownFileType = folder.assetcatalog; path = Asset.xcassets; sourceTree = "<group>"; };
		5D6E464324A928B90063CE90 /* AnimationsExtension.swift */ = {isa = PBXFileReference; lastKnownFileType = sourcecode.swift; path = AnimationsExtension.swift; sourceTree = "<group>"; };
		5D6E464524A92FB20063CE90 /* OperationBar.swift */ = {isa = PBXFileReference; lastKnownFileType = sourcecode.swift; path = OperationBar.swift; sourceTree = "<group>"; };
		5D6E464724A9318B0063CE90 /* PrepareAndShowResultExtension.swift */ = {isa = PBXFileReference; lastKnownFileType = sourcecode.swift; path = PrepareAndShowResultExtension.swift; sourceTree = "<group>"; };
		5D6E464A24A944BD0063CE90 /* AnswerView.xib */ = {isa = PBXFileReference; lastKnownFileType = file.xib; path = AnswerView.xib; sourceTree = "<group>"; };
		5D6E464C24A944CE0063CE90 /* AnswerView.swift */ = {isa = PBXFileReference; lastKnownFileType = sourcecode.swift; path = AnswerView.swift; sourceTree = "<group>"; };
		5D6E465124AB41180063CE90 /* ChangeFormButton.swift */ = {isa = PBXFileReference; lastKnownFileType = sourcecode.swift; path = ChangeFormButton.swift; sourceTree = "<group>"; };
		5D956260248EF24B00C03364 /* ComplexView.xib */ = {isa = PBXFileReference; lastKnownFileType = file.xib; path = ComplexView.xib; sourceTree = "<group>"; };
		5D956262248EF25A00C03364 /* ComplexView.swift */ = {isa = PBXFileReference; lastKnownFileType = sourcecode.swift; path = ComplexView.swift; sourceTree = "<group>"; };
		5D956264248EF8D300C03364 /* ComplexNumbersViewFuncs.swift */ = {isa = PBXFileReference; lastKnownFileType = sourcecode.swift; path = ComplexNumbersViewFuncs.swift; sourceTree = "<group>"; };
		5D956267248EFB9500C03364 /* UITextField+Extensions.swift */ = {isa = PBXFileReference; lastKnownFileType = sourcecode.swift; path = "UITextField+Extensions.swift"; sourceTree = "<group>"; };
		5D95626A249042BA00C03364 /* HistoryViewController.swift */ = {isa = PBXFileReference; lastKnownFileType = sourcecode.swift; path = HistoryViewController.swift; sourceTree = "<group>"; };
		5D95626D2497DFDD00C03364 /* Operation.swift */ = {isa = PBXFileReference; lastKnownFileType = sourcecode.swift; path = Operation.swift; sourceTree = "<group>"; };
		5D95626F2497E71200C03364 /* History.swift */ = {isa = PBXFileReference; lastKnownFileType = sourcecode.swift; path = History.swift; sourceTree = "<group>"; };
		5D956273249A2F8300C03364 /* CustomTableViewCell.swift */ = {isa = PBXFileReference; lastKnownFileType = sourcecode.swift; path = CustomTableViewCell.swift; sourceTree = "<group>"; };
		5D956274249A2F8300C03364 /* CustomTableViewCell.xib */ = {isa = PBXFileReference; lastKnownFileType = file.xib; path = CustomTableViewCell.xib; sourceTree = "<group>"; };
		5D95627E249A605B00C03364 /* CustomTabBarController.swift */ = {isa = PBXFileReference; lastKnownFileType = sourcecode.swift; path = CustomTabBarController.swift; sourceTree = "<group>"; };
		5DBF245A248819DC001EB10B /* ExpView.xib */ = {isa = PBXFileReference; lastKnownFileType = file.xib; path = ExpView.xib; sourceTree = "<group>"; };
		5DBF245C248819F2001EB10B /* ExpView.swift */ = {isa = PBXFileReference; lastKnownFileType = sourcecode.swift; path = ExpView.swift; sourceTree = "<group>"; };
		5DD6673D24A6A417002C321D /* String+Extensions.swift */ = {isa = PBXFileReference; lastKnownFileType = sourcecode.swift; path = "String+Extensions.swift"; sourceTree = "<group>"; };
/* End PBXFileReference section */

/* Begin PBXFrameworksBuildPhase section */
		5D69B240238ECAB10057D76D /* Frameworks */ = {
			isa = PBXFrameworksBuildPhase;
			buildActionMask = 2147483647;
			files = (
			);
			runOnlyForDeploymentPostprocessing = 0;
		};
/* End PBXFrameworksBuildPhase section */

/* Begin PBXGroup section */
		5D020ADC24B0CB98006B83E7 /* InfoTableViewCell */ = {
			isa = PBXGroup;
			children = (
				5D020ADD24B0CBE2006B83E7 /* InfoTableViewCell.swift */,
				5D020ADE24B0CBE2006B83E7 /* InfoTableViewCell.xib */,
			);
			path = InfoTableViewCell;
			sourceTree = "<group>";
		};
		5D69B23A238ECAB10057D76D = {
			isa = PBXGroup;
			children = (
				5D69B245238ECAB10057D76D /* Calc */,
				5D69B244238ECAB10057D76D /* Products */,
			);
			sourceTree = "<group>";
		};
		5D69B244238ECAB10057D76D /* Products */ = {
			isa = PBXGroup;
			children = (
				5D69B243238ECAB10057D76D /* Calc.app */,
			);
			name = Products;
			sourceTree = "<group>";
		};
		5D69B245238ECAB10057D76D /* Calc */ = {
			isa = PBXGroup;
			children = (
				5D69B246238ECAB10057D76D /* AppDelegate.swift */,
				5D69B248238ECAB10057D76D /* SceneDelegate.swift */,
				5D69B27E238EFB600057D76D /* ContentView.swift */,
				5D496FEF23969F76000C0DF7 /* Func.swift */,
				5D95626F2497E71200C03364 /* History.swift */,
				5D95626C2497DF9900C03364 /* Models */,
				5D956266248EFB7800C03364 /* Extensions */,
				5D7779C424A4C8C7007F2EBB /* Controllers */,
				5D95625C248EE8F000C03364 /* ViewControllers */,
				5D95626924902D5800C03364 /* Storyboard */,
				5D95625F248EE93800C03364 /* CustomViews */,
				5D6B043D2411949200AA7D3B /* Asset.xcassets */,
				5D69B251238ECAB60057D76D /* LaunchScreen.storyboard */,
				5D69B254238ECAB60057D76D /* Info.plist */,
				5D69B24E238ECAB60057D76D /* Preview Content */,
			);
			path = Calc;
			sourceTree = "<group>";
		};
		5D69B24E238ECAB60057D76D /* Preview Content */ = {
			isa = PBXGroup;
			children = (
				5D69B24F238ECAB60057D76D /* Preview Assets.xcassets */,
			);
			path = "Preview Content";
			sourceTree = "<group>";
		};
		5D6E464224A928630063CE90 /* CalculateViewController+Extensions */ = {
			isa = PBXGroup;
			children = (
				5D496FED239460BD000C0DF7 /* CalculateViewController.swift */,
				5D6E464324A928B90063CE90 /* AnimationsExtension.swift */,
				5D6E464724A9318B0063CE90 /* PrepareAndShowResultExtension.swift */,
				5D020ADA24B0C8E1006B83E7 /* ShowHistoryOperationExtension.swift */,
			);
			path = "CalculateViewController+Extensions";
			sourceTree = "<group>";
		};
		5D6E464924A944420063CE90 /* AnswerView */ = {
			isa = PBXGroup;
			children = (
				5D6E464C24A944CE0063CE90 /* AnswerView.swift */,
				5D6E464A24A944BD0063CE90 /* AnswerView.xib */,
			);
			path = AnswerView;
			sourceTree = "<group>";
		};
		5D7779C424A4C8C7007F2EBB /* Controllers */ = {
			isa = PBXGroup;
			children = (
				5D95627E249A605B00C03364 /* CustomTabBarController.swift */,
			);
			path = Controllers;
			sourceTree = "<group>";
		};
		5D7FF49C24A673200037DBDE /* RepresentationOfComplexNumbers */ = {
			isa = PBXGroup;
			children = (
				5D956264248EF8D300C03364 /* ComplexNumbersViewFuncs.swift */,
				5DBF245E248819FF001EB10B /* ExpView */,
				5D95625E248EE91D00C03364 /* ComplexView */,
			);
			path = RepresentationOfComplexNumbers;
			sourceTree = "<group>";
		};
		5D95625C248EE8F000C03364 /* ViewControllers */ = {
			isa = PBXGroup;
			children = (
				5D6E464224A928630063CE90 /* CalculateViewController+Extensions */,
				5D69B25C238EDF090057D76D /* ConvertViewController.swift */,
				5D95626A249042BA00C03364 /* HistoryViewController.swift */,
				5D020AE124B1FE66006B83E7 /* InformationViewController.swift */,
			);
			path = ViewControllers;
			sourceTree = "<group>";
		};
		5D95625E248EE91D00C03364 /* ComplexView */ = {
			isa = PBXGroup;
			children = (
				5D956262248EF25A00C03364 /* ComplexView.swift */,
				5D956260248EF24B00C03364 /* ComplexView.xib */,
			);
			path = ComplexView;
			sourceTree = "<group>";
		};
		5D95625F248EE93800C03364 /* CustomViews */ = {
			isa = PBXGroup;
			children = (
				5D7FF49C24A673200037DBDE /* RepresentationOfComplexNumbers */,
				5D6E464924A944420063CE90 /* AnswerView */,
				5D956277249A2FDF00C03364 /* CustomTableViewCell */,
				5D020ADC24B0CB98006B83E7 /* InfoTableViewCell */,
				5D6E465124AB41180063CE90 /* ChangeFormButton.swift */,
				5D6E464524A92FB20063CE90 /* OperationBar.swift */,
			);
			path = CustomViews;
			sourceTree = "<group>";
		};
		5D956266248EFB7800C03364 /* Extensions */ = {
			isa = PBXGroup;
			children = (
				5D956267248EFB9500C03364 /* UITextField+Extensions.swift */,
				5DD6673D24A6A417002C321D /* String+Extensions.swift */,
				5D0F674924A7616400B59126 /* Double+Extensions.swift */,
			);
			path = Extensions;
			sourceTree = "<group>";
		};
		5D95626924902D5800C03364 /* Storyboard */ = {
			isa = PBXGroup;
			children = (
				5D69B25A238ECD100057D76D /* Main.storyboard */,
			);
			path = Storyboard;
			sourceTree = "<group>";
		};
		5D95626C2497DF9900C03364 /* Models */ = {
			isa = PBXGroup;
			children = (
				5D95626D2497DFDD00C03364 /* Operation.swift */,
			);
			path = Models;
			sourceTree = "<group>";
		};
		5D956277249A2FDF00C03364 /* CustomTableViewCell */ = {
			isa = PBXGroup;
			children = (
				5D956273249A2F8300C03364 /* CustomTableViewCell.swift */,
				5D956274249A2F8300C03364 /* CustomTableViewCell.xib */,
			);
			path = CustomTableViewCell;
			sourceTree = "<group>";
		};
		5DBF245E248819FF001EB10B /* ExpView */ = {
			isa = PBXGroup;
			children = (
				5DBF245C248819F2001EB10B /* ExpView.swift */,
				5DBF245A248819DC001EB10B /* ExpView.xib */,
			);
			path = ExpView;
			sourceTree = "<group>";
		};
/* End PBXGroup section */

/* Begin PBXNativeTarget section */
		5D69B242238ECAB10057D76D /* Calc */ = {
			isa = PBXNativeTarget;
			buildConfigurationList = 5D69B257238ECAB60057D76D /* Build configuration list for PBXNativeTarget "Calc" */;
			buildPhases = (
				5D69B23F238ECAB10057D76D /* Sources */,
				5D69B240238ECAB10057D76D /* Frameworks */,
				5D69B241238ECAB10057D76D /* Resources */,
			);
			buildRules = (
			);
			dependencies = (
			);
			name = Calc;
			productName = Calc;
			productReference = 5D69B243238ECAB10057D76D /* Calc.app */;
			productType = "com.apple.product-type.application";
		};
/* End PBXNativeTarget section */

/* Begin PBXProject section */
		5D69B23B238ECAB10057D76D /* Project object */ = {
			isa = PBXProject;
			attributes = {
				LastSwiftUpdateCheck = 1120;
				LastUpgradeCheck = 1120;
				ORGANIZATIONNAME = Anastasia;
				TargetAttributes = {
					5D69B242238ECAB10057D76D = {
						CreatedOnToolsVersion = 11.2.1;
					};
				};
			};
			buildConfigurationList = 5D69B23E238ECAB10057D76D /* Build configuration list for PBXProject "Calc" */;
			compatibilityVersion = "Xcode 9.3";
			developmentRegion = en;
			hasScannedForEncodings = 0;
			knownRegions = (
				en,
				Base,
			);
			mainGroup = 5D69B23A238ECAB10057D76D;
			productRefGroup = 5D69B244238ECAB10057D76D /* Products */;
			projectDirPath = "";
			projectRoot = "";
			targets = (
				5D69B242238ECAB10057D76D /* Calc */,
			);
		};
/* End PBXProject section */

/* Begin PBXResourcesBuildPhase section */
		5D69B241238ECAB10057D76D /* Resources */ = {
			isa = PBXResourcesBuildPhase;
			buildActionMask = 2147483647;
			files = (
				5D69B253238ECAB60057D76D /* LaunchScreen.storyboard in Resources */,
				5DBF245B248819DC001EB10B /* ExpView.xib in Resources */,
				5D6E464B24A944BD0063CE90 /* AnswerView.xib in Resources */,
				5D956276249A2F8300C03364 /* CustomTableViewCell.xib in Resources */,
				5D020AE024B0CBE2006B83E7 /* InfoTableViewCell.xib in Resources */,
				5D69B25B238ECD100057D76D /* Main.storyboard in Resources */,
				5D6B043E2411949200AA7D3B /* Asset.xcassets in Resources */,
				5D69B250238ECAB60057D76D /* Preview Assets.xcassets in Resources */,
				5D956261248EF24B00C03364 /* ComplexView.xib in Resources */,
			);
			runOnlyForDeploymentPostprocessing = 0;
		};
/* End PBXResourcesBuildPhase section */

/* Begin PBXSourcesBuildPhase section */
		5D69B23F238ECAB10057D76D /* Sources */ = {
			isa = PBXSourcesBuildPhase;
			buildActionMask = 2147483647;
			files = (
				5D95627F249A605B00C03364 /* CustomTabBarController.swift in Sources */,
				5DBF245D248819F2001EB10B /* ExpView.swift in Sources */,
				5D6E464D24A944CE0063CE90 /* AnswerView.swift in Sources */,
				5D69B247238ECAB10057D76D /* AppDelegate.swift in Sources */,
				5D69B249238ECAB10057D76D /* SceneDelegate.swift in Sources */,
				5D956268248EFB9500C03364 /* UITextField+Extensions.swift in Sources */,
				5D69B27F238EFB600057D76D /* ContentView.swift in Sources */,
				5D956275249A2F8300C03364 /* CustomTableViewCell.swift in Sources */,
				5D6E464624A92FB20063CE90 /* OperationBar.swift in Sources */,
				5D020ADF24B0CBE2006B83E7 /* InfoTableViewCell.swift in Sources */,
				5D95626B249042BA00C03364 /* HistoryViewController.swift in Sources */,
				5D496FF023969F76000C0DF7 /* Func.swift in Sources */,
				5D496FEE239460BD000C0DF7 /* CalculateViewController.swift in Sources */,
				5D69B25D238EDF090057D76D /* ConvertViewController.swift in Sources */,
				5D6E465224AB41180063CE90 /* ChangeFormButton.swift in Sources */,
				5D0F674A24A7616400B59126 /* Double+Extensions.swift in Sources */,
				5DD6673E24A6A417002C321D /* String+Extensions.swift in Sources */,
				5D6E464824A9318B0063CE90 /* PrepareAndShowResultExtension.swift in Sources */,
				5D956263248EF25A00C03364 /* ComplexView.swift in Sources */,
				5D020AE224B1FE66006B83E7 /* InformationViewController.swift in Sources */,
				5D9562702497E71200C03364 /* History.swift in Sources */,
				5D956265248EF8D300C03364 /* ComplexNumbersViewFuncs.swift in Sources */,
				5D95626E2497DFDD00C03364 /* Operation.swift in Sources */,
				5D6E464424A928B90063CE90 /* AnimationsExtension.swift in Sources */,
				5D020ADB24B0C8E1006B83E7 /* ShowHistoryOperationExtension.swift in Sources */,
			);
			runOnlyForDeploymentPostprocessing = 0;
		};
/* End PBXSourcesBuildPhase section */

/* Begin PBXVariantGroup section */
		5D69B251238ECAB60057D76D /* LaunchScreen.storyboard */ = {
			isa = PBXVariantGroup;
			children = (
				5D69B252238ECAB60057D76D /* Base */,
			);
			name = LaunchScreen.storyboard;
			sourceTree = "<group>";
		};
/* End PBXVariantGroup section */

/* Begin XCBuildConfiguration section */
		5D69B255238ECAB60057D76D /* Debug */ = {
			isa = XCBuildConfiguration;
			buildSettings = {
				ALWAYS_SEARCH_USER_PATHS = NO;
				CLANG_ANALYZER_NONNULL = YES;
				CLANG_ANALYZER_NUMBER_OBJECT_CONVERSION = YES_AGGRESSIVE;
				CLANG_CXX_LANGUAGE_STANDARD = "gnu++14";
				CLANG_CXX_LIBRARY = "libc++";
				CLANG_ENABLE_MODULES = YES;
				CLANG_ENABLE_OBJC_ARC = YES;
				CLANG_ENABLE_OBJC_WEAK = YES;
				CLANG_WARN_BLOCK_CAPTURE_AUTORELEASING = YES;
				CLANG_WARN_BOOL_CONVERSION = YES;
				CLANG_WARN_COMMA = YES;
				CLANG_WARN_CONSTANT_CONVERSION = YES;
				CLANG_WARN_DEPRECATED_OBJC_IMPLEMENTATIONS = YES;
				CLANG_WARN_DIRECT_OBJC_ISA_USAGE = YES_ERROR;
				CLANG_WARN_DOCUMENTATION_COMMENTS = YES;
				CLANG_WARN_EMPTY_BODY = YES;
				CLANG_WARN_ENUM_CONVERSION = YES;
				CLANG_WARN_INFINITE_RECURSION = YES;
				CLANG_WARN_INT_CONVERSION = YES;
				CLANG_WARN_NON_LITERAL_NULL_CONVERSION = YES;
				CLANG_WARN_OBJC_IMPLICIT_RETAIN_SELF = YES;
				CLANG_WARN_OBJC_LITERAL_CONVERSION = YES;
				CLANG_WARN_OBJC_ROOT_CLASS = YES_ERROR;
				CLANG_WARN_RANGE_LOOP_ANALYSIS = YES;
				CLANG_WARN_STRICT_PROTOTYPES = YES;
				CLANG_WARN_SUSPICIOUS_MOVE = YES;
				CLANG_WARN_UNGUARDED_AVAILABILITY = YES_AGGRESSIVE;
				CLANG_WARN_UNREACHABLE_CODE = YES;
				CLANG_WARN__DUPLICATE_METHOD_MATCH = YES;
				COPY_PHASE_STRIP = NO;
				DEBUG_INFORMATION_FORMAT = dwarf;
				ENABLE_STRICT_OBJC_MSGSEND = YES;
				ENABLE_TESTABILITY = YES;
				GCC_C_LANGUAGE_STANDARD = gnu11;
				GCC_DYNAMIC_NO_PIC = NO;
				GCC_NO_COMMON_BLOCKS = YES;
				GCC_OPTIMIZATION_LEVEL = 0;
				GCC_PREPROCESSOR_DEFINITIONS = (
					"DEBUG=1",
					"$(inherited)",
				);
				GCC_WARN_64_TO_32_BIT_CONVERSION = YES;
				GCC_WARN_ABOUT_RETURN_TYPE = YES_ERROR;
				GCC_WARN_UNDECLARED_SELECTOR = YES;
				GCC_WARN_UNINITIALIZED_AUTOS = YES_AGGRESSIVE;
				GCC_WARN_UNUSED_FUNCTION = YES;
				GCC_WARN_UNUSED_VARIABLE = YES;
				IPHONEOS_DEPLOYMENT_TARGET = 13.2;
				MTL_ENABLE_DEBUG_INFO = INCLUDE_SOURCE;
				MTL_FAST_MATH = YES;
				ONLY_ACTIVE_ARCH = YES;
				SDKROOT = iphoneos;
				SWIFT_ACTIVE_COMPILATION_CONDITIONS = DEBUG;
				SWIFT_OPTIMIZATION_LEVEL = "-Onone";
			};
			name = Debug;
		};
		5D69B256238ECAB60057D76D /* Release */ = {
			isa = XCBuildConfiguration;
			buildSettings = {
				ALWAYS_SEARCH_USER_PATHS = NO;
				CLANG_ANALYZER_NONNULL = YES;
				CLANG_ANALYZER_NUMBER_OBJECT_CONVERSION = YES_AGGRESSIVE;
				CLANG_CXX_LANGUAGE_STANDARD = "gnu++14";
				CLANG_CXX_LIBRARY = "libc++";
				CLANG_ENABLE_MODULES = YES;
				CLANG_ENABLE_OBJC_ARC = YES;
				CLANG_ENABLE_OBJC_WEAK = YES;
				CLANG_WARN_BLOCK_CAPTURE_AUTORELEASING = YES;
				CLANG_WARN_BOOL_CONVERSION = YES;
				CLANG_WARN_COMMA = YES;
				CLANG_WARN_CONSTANT_CONVERSION = YES;
				CLANG_WARN_DEPRECATED_OBJC_IMPLEMENTATIONS = YES;
				CLANG_WARN_DIRECT_OBJC_ISA_USAGE = YES_ERROR;
				CLANG_WARN_DOCUMENTATION_COMMENTS = YES;
				CLANG_WARN_EMPTY_BODY = YES;
				CLANG_WARN_ENUM_CONVERSION = YES;
				CLANG_WARN_INFINITE_RECURSION = YES;
				CLANG_WARN_INT_CONVERSION = YES;
				CLANG_WARN_NON_LITERAL_NULL_CONVERSION = YES;
				CLANG_WARN_OBJC_IMPLICIT_RETAIN_SELF = YES;
				CLANG_WARN_OBJC_LITERAL_CONVERSION = YES;
				CLANG_WARN_OBJC_ROOT_CLASS = YES_ERROR;
				CLANG_WARN_RANGE_LOOP_ANALYSIS = YES;
				CLANG_WARN_STRICT_PROTOTYPES = YES;
				CLANG_WARN_SUSPICIOUS_MOVE = YES;
				CLANG_WARN_UNGUARDED_AVAILABILITY = YES_AGGRESSIVE;
				CLANG_WARN_UNREACHABLE_CODE = YES;
				CLANG_WARN__DUPLICATE_METHOD_MATCH = YES;
				COPY_PHASE_STRIP = NO;
				DEBUG_INFORMATION_FORMAT = "dwarf-with-dsym";
				ENABLE_NS_ASSERTIONS = NO;
				ENABLE_STRICT_OBJC_MSGSEND = YES;
				GCC_C_LANGUAGE_STANDARD = gnu11;
				GCC_NO_COMMON_BLOCKS = YES;
				GCC_WARN_64_TO_32_BIT_CONVERSION = YES;
				GCC_WARN_ABOUT_RETURN_TYPE = YES_ERROR;
				GCC_WARN_UNDECLARED_SELECTOR = YES;
				GCC_WARN_UNINITIALIZED_AUTOS = YES_AGGRESSIVE;
				GCC_WARN_UNUSED_FUNCTION = YES;
				GCC_WARN_UNUSED_VARIABLE = YES;
				IPHONEOS_DEPLOYMENT_TARGET = 13.2;
				MTL_ENABLE_DEBUG_INFO = NO;
				MTL_FAST_MATH = YES;
				SDKROOT = iphoneos;
				SWIFT_COMPILATION_MODE = wholemodule;
				SWIFT_OPTIMIZATION_LEVEL = "-O";
				VALIDATE_PRODUCT = YES;
			};
			name = Release;
		};
		5D69B258238ECAB60057D76D /* Debug */ = {
			isa = XCBuildConfiguration;
			buildSettings = {
				ASSETCATALOG_COMPILER_APPICON_NAME = AppIcon;
				CODE_SIGN_STYLE = Automatic;
				DEVELOPMENT_ASSET_PATHS = "\"Calc/Preview Content\"";
				DEVELOPMENT_TEAM = 7KFHN9UQ5P;
				ENABLE_PREVIEWS = YES;
				INFOPLIST_FILE = Calc/Info.plist;
				LD_RUNPATH_SEARCH_PATHS = (
					"$(inherited)",
					"@executable_path/Frameworks",
				);
				PRODUCT_BUNDLE_IDENTIFIER = Holovash.Calc;
				PRODUCT_NAME = "$(TARGET_NAME)";
				SWIFT_VERSION = 5.0;
				TARGETED_DEVICE_FAMILY = 1;
			};
			name = Debug;
		};
		5D69B259238ECAB60057D76D /* Release */ = {
			isa = XCBuildConfiguration;
			buildSettings = {
				ASSETCATALOG_COMPILER_APPICON_NAME = AppIcon;
				CODE_SIGN_STYLE = Automatic;
				DEVELOPMENT_ASSET_PATHS = "\"Calc/Preview Content\"";
				DEVELOPMENT_TEAM = 7KFHN9UQ5P;
				ENABLE_PREVIEWS = YES;
				INFOPLIST_FILE = Calc/Info.plist;
				LD_RUNPATH_SEARCH_PATHS = (
					"$(inherited)",
					"@executable_path/Frameworks",
				);
				PRODUCT_BUNDLE_IDENTIFIER = Holovash.Calc;
				PRODUCT_NAME = "$(TARGET_NAME)";
				SWIFT_VERSION = 5.0;
				TARGETED_DEVICE_FAMILY = 1;
			};
			name = Release;
		};
/* End XCBuildConfiguration section */

/* Begin XCConfigurationList section */
		5D69B23E238ECAB10057D76D /* Build configuration list for PBXProject "Calc" */ = {
			isa = XCConfigurationList;
			buildConfigurations = (
				5D69B255238ECAB60057D76D /* Debug */,
				5D69B256238ECAB60057D76D /* Release */,
			);
			defaultConfigurationIsVisible = 0;
			defaultConfigurationName = Release;
		};
		5D69B257238ECAB60057D76D /* Build configuration list for PBXNativeTarget "Calc" */ = {
			isa = XCConfigurationList;
			buildConfigurations = (
				5D69B258238ECAB60057D76D /* Debug */,
				5D69B259238ECAB60057D76D /* Release */,
			);
			defaultConfigurationIsVisible = 0;
			defaultConfigurationName = Release;
		};
/* End XCConfigurationList section */
	};
	rootObject = 5D69B23B238ECAB10057D76D /* Project object */;
}
